
Microsoft Visual Studio Solution File, Format Version 12.00
# Visual Studio Version 17
VisualStudioVersion = 17.0.32014.148
MinimumVisualStudioVersion = 10.0.40219.1
Project("{9A19103F-16F7-4668-BE54-9A1E7A4F7556}") = "FanoutPublisher", "FanoutPublisher\FanoutPublisher.csproj", "{53ABC8C4-6081-476D-AB6B-89C7B388F766}"
EndProject
Project("{9A19103F-16F7-4668-BE54-9A1E7A4F7556}") = "FanoutConsumer", "FanoutConsumer\FanoutConsumer.csproj", "{7D036587-5079-49C4-8C7C-44ABB241F057}"
EndProject
Project("{9A19103F-16F7-4668-BE54-9A1E7A4F7556}") = "DirectExchange", "DirectExchange\DirectExchange.csproj", "{F942ED96-E37C-4653-9DF6-93CF1C9B41B9}"
EndProject
Project("{9A19103F-16F7-4668-BE54-9A1E7A4F7556}") = "TopicExchsnge", "TopicExchsnge\TopicExchsnge.csproj", "{55F5CBBD-1F10-4EA6-9CC5-282262792E94}"
EndProject
Project("{9A19103F-16F7-4668-BE54-9A1E7A4F7556}") = "HeadersExchange", "HeadersExchange\HeadersExchange.csproj", "{8FB88068-2F76-4942-89A8-74D6632218F9}"
EndProject
Project("{9A19103F-16F7-4668-BE54-9A1E7A4F7556}") = "DefaultExchange", "DefaultExchange\DefaultExchange.csproj", "{D52F78BB-81B3-410C-860F-742F6B5A4402}"
EndProject
Project("{9A19103F-16F7-4668-BE54-9A1E7A4F7556}") = "ExToExDemo", "ExToExDemo\ExToExDemo.csproj", "{95A4C2DA-67B5-4C5B-B5E2-CD06388CFA57}"
EndProject
Project("{9A19103F-16F7-4668-BE54-9A1E7A4F7556}") = "AlternateExchange", "AlternateExchange\AlternateExchange.csproj", "{F4FC2E26-C183-43AA-A0D1-921D73776CE4}"
EndProject
Project("{9A19103F-16F7-4668-BE54-9A1E7A4F7556}") = "PushPullDemo", "PushPullDemo\PushPullDemo.csproj", "{16AA660A-2F23-4607-8E5F-47FD0B0BFEAA}"
EndProject
Project("{9A19103F-16F7-4668-BE54-9A1E7A4F7556}") = "WorkerDemo", "WorkerDemo\WorkerDemo.csproj", "{8858C249-1B20-416B-950D-3AF3FBAF07E8}"
EndProject
Project("{9A19103F-16F7-4668-BE54-9A1E7A4F7556}") = "Publisher", "Publisher\Publisher.csproj", "{2B692C4E-0CDF-4630-997D-BC91FBB619C2}"
EndProject
Project("{9A19103F-16F7-4668-BE54-9A1E7A4F7556}") = "Subscriber", "Subscriber\Subscriber.csproj", "{D19336AF-0767-4819-8ADE-528023074C05}"
EndProject
Project("{2150E333-8FDC-42A3-9474-1A3956D46DE8}") = "Fanout", "Fanout", "{C8DC3C41-4D2B-4594-85A6-C1ACF23B23CE}"
EndProject
Project("{2150E333-8FDC-42A3-9474-1A3956D46DE8}") = "PublisherSubscriber", "PublisherSubscriber", "{5B33580F-1330-4230-AB6F-E1F90C54C22A}"
EndProject
Project("{2150E333-8FDC-42A3-9474-1A3956D46DE8}") = "RequestReply", "RequestReply", "{D42A8CD4-5865-4575-A90D-5B110A8DB6C2}"
EndProject
Project("{FAE04EC0-301F-11D3-BF4B-00C04F79EFBC}") = "Requester", "Requester\Requester.csproj", "{DFEC5FA1-3C6C-40AA-AB7D-06D363510030}"
EndProject
Project("{FAE04EC0-301F-11D3-BF4B-00C04F79EFBC}") = "Replier", "Replier\Replier.csproj", "{81BFED6F-3A54-41D3-88F8-9658EE6FD5B5}"
EndProject
Project("{FAE04EC0-301F-11D3-BF4B-00C04F79EFBC}") = "Demo.Common", "Demo.common\Demo.Common.csproj", "{060459DB-8682-4220-8133-348B127282C9}"
EndProject
Global
	GlobalSection(SolutionConfigurationPlatforms) = preSolution
		Debug|Any CPU = Debug|Any CPU
		Release|Any CPU = Release|Any CPU
	EndGlobalSection
	GlobalSection(ProjectConfigurationPlatforms) = postSolution
		{53ABC8C4-6081-476D-AB6B-89C7B388F766}.Debug|Any CPU.ActiveCfg = Debug|Any CPU
		{53ABC8C4-6081-476D-AB6B-89C7B388F766}.Debug|Any CPU.Build.0 = Debug|Any CPU
		{53ABC8C4-6081-476D-AB6B-89C7B388F766}.Release|Any CPU.ActiveCfg = Release|Any CPU
		{53ABC8C4-6081-476D-AB6B-89C7B388F766}.Release|Any CPU.Build.0 = Release|Any CPU
		{7D036587-5079-49C4-8C7C-44ABB241F057}.Debug|Any CPU.ActiveCfg = Debug|Any CPU
		{7D036587-5079-49C4-8C7C-44ABB241F057}.Debug|Any CPU.Build.0 = Debug|Any CPU
		{7D036587-5079-49C4-8C7C-44ABB241F057}.Release|Any CPU.ActiveCfg = Release|Any CPU
		{7D036587-5079-49C4-8C7C-44ABB241F057}.Release|Any CPU.Build.0 = Release|Any CPU
		{F942ED96-E37C-4653-9DF6-93CF1C9B41B9}.Debug|Any CPU.ActiveCfg = Debug|Any CPU
		{F942ED96-E37C-4653-9DF6-93CF1C9B41B9}.Debug|Any CPU.Build.0 = Debug|Any CPU
		{F942ED96-E37C-4653-9DF6-93CF1C9B41B9}.Release|Any CPU.ActiveCfg = Release|Any CPU
		{F942ED96-E37C-4653-9DF6-93CF1C9B41B9}.Release|Any CPU.Build.0 = Release|Any CPU
		{55F5CBBD-1F10-4EA6-9CC5-282262792E94}.Debug|Any CPU.ActiveCfg = Debug|Any CPU
		{55F5CBBD-1F10-4EA6-9CC5-282262792E94}.Debug|Any CPU.Build.0 = Debug|Any CPU
		{55F5CBBD-1F10-4EA6-9CC5-282262792E94}.Release|Any CPU.ActiveCfg = Release|Any CPU
		{55F5CBBD-1F10-4EA6-9CC5-282262792E94}.Release|Any CPU.Build.0 = Release|Any CPU
		{8FB88068-2F76-4942-89A8-74D6632218F9}.Debug|Any CPU.ActiveCfg = Debug|Any CPU
		{8FB88068-2F76-4942-89A8-74D6632218F9}.Debug|Any CPU.Build.0 = Debug|Any CPU
		{8FB88068-2F76-4942-89A8-74D6632218F9}.Release|Any CPU.ActiveCfg = Release|Any CPU
		{8FB88068-2F76-4942-89A8-74D6632218F9}.Release|Any CPU.Build.0 = Release|Any CPU
		{D52F78BB-81B3-410C-860F-742F6B5A4402}.Debug|Any CPU.ActiveCfg = Debug|Any CPU
		{D52F78BB-81B3-410C-860F-742F6B5A4402}.Debug|Any CPU.Build.0 = Debug|Any CPU
		{D52F78BB-81B3-410C-860F-742F6B5A4402}.Release|Any CPU.ActiveCfg = Release|Any CPU
		{D52F78BB-81B3-410C-860F-742F6B5A4402}.Release|Any CPU.Build.0 = Release|Any CPU
		{95A4C2DA-67B5-4C5B-B5E2-CD06388CFA57}.Debug|Any CPU.ActiveCfg = Debug|Any CPU
		{95A4C2DA-67B5-4C5B-B5E2-CD06388CFA57}.Debug|Any CPU.Build.0 = Debug|Any CPU
		{95A4C2DA-67B5-4C5B-B5E2-CD06388CFA57}.Release|Any CPU.ActiveCfg = Release|Any CPU
		{95A4C2DA-67B5-4C5B-B5E2-CD06388CFA57}.Release|Any CPU.Build.0 = Release|Any CPU
		{F4FC2E26-C183-43AA-A0D1-921D73776CE4}.Debug|Any CPU.ActiveCfg = Debug|Any CPU
		{F4FC2E26-C183-43AA-A0D1-921D73776CE4}.Debug|Any CPU.Build.0 = Debug|Any CPU
		{F4FC2E26-C183-43AA-A0D1-921D73776CE4}.Release|Any CPU.ActiveCfg = Release|Any CPU
		{F4FC2E26-C183-43AA-A0D1-921D73776CE4}.Release|Any CPU.Build.0 = Release|Any CPU
		{16AA660A-2F23-4607-8E5F-47FD0B0BFEAA}.Debug|Any CPU.ActiveCfg = Debug|Any CPU
		{16AA660A-2F23-4607-8E5F-47FD0B0BFEAA}.Debug|Any CPU.Build.0 = Debug|Any CPU
		{16AA660A-2F23-4607-8E5F-47FD0B0BFEAA}.Release|Any CPU.ActiveCfg = Release|Any CPU
		{16AA660A-2F23-4607-8E5F-47FD0B0BFEAA}.Release|Any CPU.Build.0 = Release|Any CPU
		{8858C249-1B20-416B-950D-3AF3FBAF07E8}.Debug|Any CPU.ActiveCfg = Debug|Any CPU
		{8858C249-1B20-416B-950D-3AF3FBAF07E8}.Debug|Any CPU.Build.0 = Debug|Any CPU
		{8858C249-1B20-416B-950D-3AF3FBAF07E8}.Release|Any CPU.ActiveCfg = Release|Any CPU
		{8858C249-1B20-416B-950D-3AF3FBAF07E8}.Release|Any CPU.Build.0 = Release|Any CPU
		{2B692C4E-0CDF-4630-997D-BC91FBB619C2}.Debug|Any CPU.ActiveCfg = Debug|Any CPU
		{2B692C4E-0CDF-4630-997D-BC91FBB619C2}.Debug|Any CPU.Build.0 = Debug|Any CPU
		{2B692C4E-0CDF-4630-997D-BC91FBB619C2}.Release|Any CPU.ActiveCfg = Release|Any CPU
		{2B692C4E-0CDF-4630-997D-BC91FBB619C2}.Release|Any CPU.Build.0 = Release|Any CPU
		{D19336AF-0767-4819-8ADE-528023074C05}.Debug|Any CPU.ActiveCfg = Debug|Any CPU
		{D19336AF-0767-4819-8ADE-528023074C05}.Debug|Any CPU.Build.0 = Debug|Any CPU
		{D19336AF-0767-4819-8ADE-528023074C05}.Release|Any CPU.ActiveCfg = Release|Any CPU
		{D19336AF-0767-4819-8ADE-528023074C05}.Release|Any CPU.Build.0 = Release|Any CPU
		{DFEC5FA1-3C6C-40AA-AB7D-06D363510030}.Debug|Any CPU.ActiveCfg = Debug|Any CPU
		{DFEC5FA1-3C6C-40AA-AB7D-06D363510030}.Debug|Any CPU.Build.0 = Debug|Any CPU
		{DFEC5FA1-3C6C-40AA-AB7D-06D363510030}.Release|Any CPU.ActiveCfg = Release|Any CPU
		{DFEC5FA1-3C6C-40AA-AB7D-06D363510030}.Release|Any CPU.Build.0 = Release|Any CPU
		{81BFED6F-3A54-41D3-88F8-9658EE6FD5B5}.Debug|Any CPU.ActiveCfg = Debug|Any CPU
		{81BFED6F-3A54-41D3-88F8-9658EE6FD5B5}.Debug|Any CPU.Build.0 = Debug|Any CPU
		{81BFED6F-3A54-41D3-88F8-9658EE6FD5B5}.Release|Any CPU.ActiveCfg = Release|Any CPU
		{81BFED6F-3A54-41D3-88F8-9658EE6FD5B5}.Release|Any CPU.Build.0 = Release|Any CPU
		{060459DB-8682-4220-8133-348B127282C9}.Debug|Any CPU.ActiveCfg = Debug|Any CPU
		{060459DB-8682-4220-8133-348B127282C9}.Debug|Any CPU.Build.0 = Debug|Any CPU
		{060459DB-8682-4220-8133-348B127282C9}.Release|Any CPU.ActiveCfg = Release|Any CPU
		{060459DB-8682-4220-8133-348B127282C9}.Release|Any CPU.Build.0 = Release|Any CPU
	EndGlobalSection
	GlobalSection(SolutionProperties) = preSolution
		HideSolutionNode = FALSE
	EndGlobalSection
	GlobalSection(NestedProjects) = preSolution
		{53ABC8C4-6081-476D-AB6B-89C7B388F766} = {C8DC3C41-4D2B-4594-85A6-C1ACF23B23CE}
		{7D036587-5079-49C4-8C7C-44ABB241F057} = {C8DC3C41-4D2B-4594-85A6-C1ACF23B23CE}
		{2B692C4E-0CDF-4630-997D-BC91FBB619C2} = {5B33580F-1330-4230-AB6F-E1F90C54C22A}
		{D19336AF-0767-4819-8ADE-528023074C05} = {5B33580F-1330-4230-AB6F-E1F90C54C22A}
		{DFEC5FA1-3C6C-40AA-AB7D-06D363510030} = {D42A8CD4-5865-4575-A90D-5B110A8DB6C2}
		{81BFED6F-3A54-41D3-88F8-9658EE6FD5B5} = {D42A8CD4-5865-4575-A90D-5B110A8DB6C2}
		{060459DB-8682-4220-8133-348B127282C9} = {D42A8CD4-5865-4575-A90D-5B110A8DB6C2}
	EndGlobalSection
	GlobalSection(ExtensibilityGlobals) = postSolution
		SolutionGuid = {81273269-CDE0-4946-9D24-21655146A7DA}
	EndGlobalSection
EndGlobal
